
Microsoft Visual Studio Solution File, Format Version 12.00
# Visual Studio Version 17
VisualStudioVersion = 17.3.32929.385
MinimumVisualStudioVersion = 10.0.40219.1
Project("{FAE04EC0-301F-11D3-BF4B-00C04F79EFBC}") = "Game_of_immigration", "Game_of_immigration.csproj", "{B859D499-DB35-4EEA-A668-6CA888C96E0F}"
EndProject
Global
	GlobalSection(SolutionConfigurationPlatforms) = preSolution
		Debug|Any CPU = Debug|Any CPU
		Release|Any CPU = Release|Any CPU
	EndGlobalSection
	GlobalSection(ProjectConfigurationPlatforms) = postSolution
		{B859D499-DB35-4EEA-A668-6CA888C96E0F}.Debug|Any CPU.ActiveCfg = Debug|Any CPU
		{B859D499-DB35-4EEA-A668-6CA888C96E0F}.Debug|Any CPU.Build.0 = Debug|Any CPU
		{B859D499-DB35-4EEA-A668-6CA888C96E0F}.Release|Any CPU.ActiveCfg = Release|Any CPU
		{B859D499-DB35-4EEA-A668-6CA888C96E0F}.Release|Any CPU.Build.0 = Release|Any CPU
	EndGlobalSection
	GlobalSection(SolutionProperties) = preSolution
		HideSolutionNode = FALSE
	EndGlobalSection
	GlobalSection(ExtensibilityGlobals) = postSolution
		SolutionGuid = {62FDA281-1154-4E49-BFE8-4847AD470002}
	EndGlobalSection
EndGlobal
